
Microsoft Visual Studio Solution File, Format Version 12.00
# Visual Studio Version 17
VisualStudioVersion = 17.5.002.0
MinimumVisualStudioVersion = 10.0.40219.1
Project("{9A19103F-16F7-4668-BE54-9A1E7A4F7556}") = "Androbot", "Androbot.csproj", "{184CAF79-6D89-496A-BD3B-5C95BB2D80FA}"
EndProject
Global
	GlobalSection(SolutionConfigurationPlatforms) = preSolution
		Debug|Any CPU = Debug|Any CPU
		Release|Any CPU = Release|Any CPU
	EndGlobalSection
	GlobalSection(ProjectConfigurationPlatforms) = postSolution
		{184CAF79-6D89-496A-BD3B-5C95BB2D80FA}.Debug|Any CPU.ActiveCfg = Debug|Any CPU
		{184CAF79-6D89-496A-BD3B-5C95BB2D80FA}.Debug|Any CPU.Build.0 = Debug|Any CPU
		{184CAF79-6D89-496A-BD3B-5C95BB2D80FA}.Release|Any CPU.ActiveCfg = Release|Any CPU
		{184CAF79-6D89-496A-BD3B-5C95BB2D80FA}.Release|Any CPU.Build.0 = Release|Any CPU
	EndGlobalSection
	GlobalSection(SolutionProperties) = preSolution
		HideSolutionNode = FALSE
	EndGlobalSection
	GlobalSection(ExtensibilityGlobals) = postSolution
		SolutionGuid = {1AD026C3-4140-45F2-9ADA-1590CD8073F0}
	EndGlobalSection
EndGlobal
